
Microsoft Visual Studio Solution File, Format Version 12.00
# Visual Studio Version 17
VisualStudioVersion = 17.5.002.0
MinimumVisualStudioVersion = 10.0.40219.1
Project("{9A19103F-16F7-4668-BE54-9A1E7A4F7556}") = "BetterScrapScan", "BetterScrapScan.csproj", "{8D2E0ECE-8756-47DB-B90D-D386D6A1B722}"
EndProject
Global
	GlobalSection(SolutionConfigurationPlatforms) = preSolution
		Debug|Any CPU = Debug|Any CPU
		Release|Any CPU = Release|Any CPU
	EndGlobalSection
	GlobalSection(ProjectConfigurationPlatforms) = postSolution
		{8D2E0ECE-8756-47DB-B90D-D386D6A1B722}.Debug|Any CPU.ActiveCfg = Debug|Any CPU
		{8D2E0ECE-8756-47DB-B90D-D386D6A1B722}.Debug|Any CPU.Build.0 = Debug|Any CPU
		{8D2E0ECE-8756-47DB-B90D-D386D6A1B722}.Release|Any CPU.ActiveCfg = Release|Any CPU
		{8D2E0ECE-8756-47DB-B90D-D386D6A1B722}.Release|Any CPU.Build.0 = Release|Any CPU
	EndGlobalSection
	GlobalSection(SolutionProperties) = preSolution
		HideSolutionNode = FALSE
	EndGlobalSection
	GlobalSection(ExtensibilityGlobals) = postSolution
		SolutionGuid = {7725B41B-FCD4-465C-AC73-F31B62BE95F8}
	EndGlobalSection
EndGlobal
